
Microsoft Visual Studio Solution File, Format Version 12.00
Project("{2150E333-8FDC-42A3-9474-1A3956D46DE8}") = "tests", "tests", "{872AFCFD-6577-4087-AAA0-F549201EE3E1}"
EndProject
Project("{2150E333-8FDC-42A3-9474-1A3956D46DE8}") = "src", "src", "{0869BD02-14B3-45BF-8F9D-A500D508A318}"
EndProject
Project("{FAE04EC0-301F-11D3-BF4B-00C04F79EFBC}") = "WirelessCom.Infrastructure", "WirelessCom.Infrastructure\WirelessCom.Infrastructure.csproj", "{627313C5-FEEE-4996-B151-5242E8EE20BE}"
EndProject
Project("{FAE04EC0-301F-11D3-BF4B-00C04F79EFBC}") = "WirelessCom.Domain", "WirelessCom.Domain\WirelessCom.Domain.csproj", "{B904AAB9-7292-4DDA-B9F3-C3BDA4C45BF7}"
EndProject
Project("{FAE04EC0-301F-11D3-BF4B-00C04F79EFBC}") = "WirelessCom.Application", "WirelessCom.Application\WirelessCom.Application.csproj", "{E71C5539-8EEA-4194-A500-3B7BFD4F9683}"
EndProject
Project("{FAE04EC0-301F-11D3-BF4B-00C04F79EFBC}") = "WirelessCom.Infrastructure.Persistence", "WirelessCom.Infrastructure.Persistence\WirelessCom.Infrastructure.Persistence.csproj", "{C86A785B-20DB-4C5C-91E4-BFBC76E901DC}"
EndProject
Project("{FAE04EC0-301F-11D3-BF4B-00C04F79EFBC}") = "WirelessCom.UI", "WirelessCom.UI\WirelessCom.UI.csproj", "{BF8B1EDA-0888-4859-89C0-526CBB5D79C0}"
EndProject
Project("{FAE04EC0-301F-11D3-BF4B-00C04F79EFBC}") = "WirelessCom.Application.Tests", "tests\WirelessCom.Application.Tests\WirelessCom.Application.Tests.csproj", "{86D28F01-E4A3-4B37-ADF4-54D8C9E3B4CF}"
EndProject
Global
	GlobalSection(SolutionConfigurationPlatforms) = preSolution
		Debug|Any CPU = Debug|Any CPU
		Release|Any CPU = Release|Any CPU
	EndGlobalSection
	GlobalSection(ProjectConfigurationPlatforms) = postSolution
		{627313C5-FEEE-4996-B151-5242E8EE20BE}.Debug|Any CPU.ActiveCfg = Debug|Any CPU
		{627313C5-FEEE-4996-B151-5242E8EE20BE}.Debug|Any CPU.Build.0 = Debug|Any CPU
		{627313C5-FEEE-4996-B151-5242E8EE20BE}.Release|Any CPU.ActiveCfg = Release|Any CPU
		{627313C5-FEEE-4996-B151-5242E8EE20BE}.Release|Any CPU.Build.0 = Release|Any CPU
		{B904AAB9-7292-4DDA-B9F3-C3BDA4C45BF7}.Debug|Any CPU.ActiveCfg = Debug|Any CPU
		{B904AAB9-7292-4DDA-B9F3-C3BDA4C45BF7}.Debug|Any CPU.Build.0 = Debug|Any CPU
		{B904AAB9-7292-4DDA-B9F3-C3BDA4C45BF7}.Release|Any CPU.ActiveCfg = Release|Any CPU
		{B904AAB9-7292-4DDA-B9F3-C3BDA4C45BF7}.Release|Any CPU.Build.0 = Release|Any CPU
		{E71C5539-8EEA-4194-A500-3B7BFD4F9683}.Debug|Any CPU.ActiveCfg = Debug|Any CPU
		{E71C5539-8EEA-4194-A500-3B7BFD4F9683}.Debug|Any CPU.Build.0 = Debug|Any CPU
		{E71C5539-8EEA-4194-A500-3B7BFD4F9683}.Release|Any CPU.ActiveCfg = Release|Any CPU
		{E71C5539-8EEA-4194-A500-3B7BFD4F9683}.Release|Any CPU.Build.0 = Release|Any CPU
		{C86A785B-20DB-4C5C-91E4-BFBC76E901DC}.Debug|Any CPU.ActiveCfg = Debug|Any CPU
		{C86A785B-20DB-4C5C-91E4-BFBC76E901DC}.Debug|Any CPU.Build.0 = Debug|Any CPU
		{C86A785B-20DB-4C5C-91E4-BFBC76E901DC}.Release|Any CPU.ActiveCfg = Release|Any CPU
		{C86A785B-20DB-4C5C-91E4-BFBC76E901DC}.Release|Any CPU.Build.0 = Release|Any CPU
		{BF8B1EDA-0888-4859-89C0-526CBB5D79C0}.Debug|Any CPU.ActiveCfg = Debug|Any CPU
		{BF8B1EDA-0888-4859-89C0-526CBB5D79C0}.Debug|Any CPU.Build.0 = Debug|Any CPU
		{BF8B1EDA-0888-4859-89C0-526CBB5D79C0}.Release|Any CPU.ActiveCfg = Release|Any CPU
		{BF8B1EDA-0888-4859-89C0-526CBB5D79C0}.Release|Any CPU.Build.0 = Release|Any CPU
		{86D28F01-E4A3-4B37-ADF4-54D8C9E3B4CF}.Debug|Any CPU.ActiveCfg = Debug|Any CPU
		{86D28F01-E4A3-4B37-ADF4-54D8C9E3B4CF}.Debug|Any CPU.Build.0 = Debug|Any CPU
		{86D28F01-E4A3-4B37-ADF4-54D8C9E3B4CF}.Release|Any CPU.ActiveCfg = Release|Any CPU
		{86D28F01-E4A3-4B37-ADF4-54D8C9E3B4CF}.Release|Any CPU.Build.0 = Release|Any CPU
	EndGlobalSection
	GlobalSection(NestedProjects) = preSolution
		{627313C5-FEEE-4996-B151-5242E8EE20BE} = {0869BD02-14B3-45BF-8F9D-A500D508A318}
		{B904AAB9-7292-4DDA-B9F3-C3BDA4C45BF7} = {0869BD02-14B3-45BF-8F9D-A500D508A318}
		{E71C5539-8EEA-4194-A500-3B7BFD4F9683} = {0869BD02-14B3-45BF-8F9D-A500D508A318}
		{C86A785B-20DB-4C5C-91E4-BFBC76E901DC} = {0869BD02-14B3-45BF-8F9D-A500D508A318}
		{BF8B1EDA-0888-4859-89C0-526CBB5D79C0} = {0869BD02-14B3-45BF-8F9D-A500D508A318}
		{86D28F01-E4A3-4B37-ADF4-54D8C9E3B4CF} = {872AFCFD-6577-4087-AAA0-F549201EE3E1}
	EndGlobalSection
EndGlobal
